
Microsoft Visual Studio Solution File, Format Version 12.00
# Visual Studio Version 16
VisualStudioVersion = 16.0.30413.136
MinimumVisualStudioVersion = 10.0.40219.1
Project("{FAE04EC0-301F-11D3-BF4B-00C04F79EFBC}") = "XML Question Creator", "XML Question Creator\XML Question Creator.csproj", "{D74EC641-BF07-4154-81E3-C93E9CB06E4A}"
EndProject
Global
	GlobalSection(SolutionConfigurationPlatforms) = preSolution
		Debug|Any CPU = Debug|Any CPU
		Release|Any CPU = Release|Any CPU
	EndGlobalSection
	GlobalSection(ProjectConfigurationPlatforms) = postSolution
		{D74EC641-BF07-4154-81E3-C93E9CB06E4A}.Debug|Any CPU.ActiveCfg = Debug|Any CPU
		{D74EC641-BF07-4154-81E3-C93E9CB06E4A}.Debug|Any CPU.Build.0 = Debug|Any CPU
		{D74EC641-BF07-4154-81E3-C93E9CB06E4A}.Release|Any CPU.ActiveCfg = Release|Any CPU
		{D74EC641-BF07-4154-81E3-C93E9CB06E4A}.Release|Any CPU.Build.0 = Release|Any CPU
	EndGlobalSection
	GlobalSection(SolutionProperties) = preSolution
		HideSolutionNode = FALSE
	EndGlobalSection
	GlobalSection(ExtensibilityGlobals) = postSolution
		SolutionGuid = {1EA7C991-D545-444A-AC8B-44A85AEEC188}
	EndGlobalSection
EndGlobal
